
Microsoft Visual Studio Solution File, Format Version 12.00
# Visual Studio Version 16
VisualStudioVersion = 16.0.31321.278
MinimumVisualStudioVersion = 10.0.40219.1
Project("{2150E333-8FDC-42A3-9474-1A3956D46DE8}") = "Block Chain App", "Block Chain App", "{283CEA6E-BFC4-4249-A375-7E2A55127F4A}"
EndProject
Project("{2150E333-8FDC-42A3-9474-1A3956D46DE8}") = "Common", "Common", "{E8CD9E59-2914-4FF6-870C-D5C720F40FEB}"
EndProject
Project("{2150E333-8FDC-42A3-9474-1A3956D46DE8}") = "Web App", "Web App", "{1C6E038E-772C-4C26-AC86-9B562F6F99EA}"
EndProject
Project("{9A19103F-16F7-4668-BE54-9A1E7A4F7556}") = "PaymentSystem.Common", "Common\PaymentSystem.Common\PaymentSystem.Common.csproj", "{4AFD5AF6-1649-4DA1-ACCB-02498EE64549}"
EndProject
Project("{2150E333-8FDC-42A3-9474-1A3956D46DE8}") = "Web", "Web", "{0144B288-421B-4AF7-93CC-BD7490085E0C}"
EndProject
Project("{2150E333-8FDC-42A3-9474-1A3956D46DE8}") = "Tests", "Tests", "{8AB5293F-E220-49F5-B2D4-522D3E07D645}"
EndProject
Project("{2150E333-8FDC-42A3-9474-1A3956D46DE8}") = "Services", "Services", "{01B8CF7D-D7C4-4B80-977B-9FDA4C9F3C0E}"
EndProject
Project("{2150E333-8FDC-42A3-9474-1A3956D46DE8}") = "Data", "Data", "{0B77F40F-6022-4C6F-919D-43A6E45EAA8F}"
EndProject
Project("{9A19103F-16F7-4668-BE54-9A1E7A4F7556}") = "PaymentSystem.BlockChain.Services.Data", "Block Chain App\src\Services\PaymentSystem.BlockChain.Services.Data\PaymentSystem.BlockChain.Services.Data.csproj", "{D4463042-096A-4F57-9C00-A75C78B2F4BE}"
EndProject
Project("{9A19103F-16F7-4668-BE54-9A1E7A4F7556}") = "PaymentSystem.BlockChain.Services.Mapping", "Block Chain App\src\Services\PaymentSystem.BlockChain.Services.Mapping\PaymentSystem.BlockChain.Services.Mapping.csproj", "{C25B8EC9-8EB0-4F6A-A86C-FB32E0D68B3E}"
EndProject
Project("{9A19103F-16F7-4668-BE54-9A1E7A4F7556}") = "PaymentSystem.BlockChain.Data", "Block Chain App\src\Data\PaymentSystem.BlockChain.Data\PaymentSystem.BlockChain.Data.csproj", "{FBD86C3E-10D2-4A31-9030-8F00C8794413}"
EndProject
Project("{9A19103F-16F7-4668-BE54-9A1E7A4F7556}") = "PaymentSystem.BlockChain.Data.Models", "Block Chain App\src\Data\PaymentSystem.BlockChain.Data.Models\PaymentSystem.BlockChain.Data.Models.csproj", "{94FF62AA-ED6C-4191-83D4-DB0142620B10}"
EndProject
Project("{9A19103F-16F7-4668-BE54-9A1E7A4F7556}") = "PaymentSystem.BlockChain.Web", "Block Chain App\src\Web\PaymentSystem.BlockChain.Web\PaymentSystem.BlockChain.Web.csproj", "{3EEE8B0A-7020-47E0-9310-2470FDF9E079}"
EndProject
Project("{2150E333-8FDC-42A3-9474-1A3956D46DE8}") = "Services", "Services", "{AA48F869-B313-46A4-9427-2776C4CE3363}"
EndProject
Project("{9A19103F-16F7-4668-BE54-9A1E7A4F7556}") = "PaymentSystem.BlockChain.Services.Data.Tests", "Block Chain App\src\Tests\Services\PaymentSystem.BlockChain.Services.Data.Tests\PaymentSystem.BlockChain.Services.Data.Tests.csproj", "{9905D7F8-F324-4435-837E-E481A31823DE}"
EndProject
Project("{9A19103F-16F7-4668-BE54-9A1E7A4F7556}") = "Sandbox", "Block Chain App\src\Tests\Sandbox\Sandbox.csproj", "{2FE13079-3A6F-483A-8E90-028B2F8F6866}"
EndProject
Project("{9A19103F-16F7-4668-BE54-9A1E7A4F7556}") = "PaymentSystem.BlockChain.Services", "Block Chain App\src\Services\PaymentSystem.BlockChain.Services\PaymentSystem.BlockChain.Services.csproj", "{0BD6A8B6-EA46-41A5-9C11-DB840B984AC2}"
EndProject
Project("{9A19103F-16F7-4668-BE54-9A1E7A4F7556}") = "PaymentSystem.Common.Tests", "Common\PaymentSystem.Common.Tests\PaymentSystem.Common.Tests.csproj", "{D64E6AC3-62E9-4B86-8055-C621878CBB17}"
EndProject
Project("{2150E333-8FDC-42A3-9474-1A3956D46DE8}") = "Infrastructure", "Infrastructure", "{A42D0558-BDD5-431D-A6B8-F6A34D2AF101}"
EndProject
Project("{FAE04EC0-301F-11D3-BF4B-00C04F79EFBC}") = "PaymentSystem.BlockChain.Infrastructure", "Block Chain App\src\Infrastructure\PaymentSystem.BlockChain.Infrastructure\PaymentSystem.BlockChain.Infrastructure.csproj", "{F967E342-D5FE-498E-94AA-6307D80141AD}"
EndProject
Global
	GlobalSection(SolutionConfigurationPlatforms) = preSolution
		Debug|Any CPU = Debug|Any CPU
		Release|Any CPU = Release|Any CPU
	EndGlobalSection
	GlobalSection(ProjectConfigurationPlatforms) = postSolution
		{4AFD5AF6-1649-4DA1-ACCB-02498EE64549}.Debug|Any CPU.ActiveCfg = Debug|Any CPU
		{4AFD5AF6-1649-4DA1-ACCB-02498EE64549}.Debug|Any CPU.Build.0 = Debug|Any CPU
		{4AFD5AF6-1649-4DA1-ACCB-02498EE64549}.Release|Any CPU.ActiveCfg = Release|Any CPU
		{4AFD5AF6-1649-4DA1-ACCB-02498EE64549}.Release|Any CPU.Build.0 = Release|Any CPU
		{D4463042-096A-4F57-9C00-A75C78B2F4BE}.Debug|Any CPU.ActiveCfg = Debug|Any CPU
		{D4463042-096A-4F57-9C00-A75C78B2F4BE}.Debug|Any CPU.Build.0 = Debug|Any CPU
		{D4463042-096A-4F57-9C00-A75C78B2F4BE}.Release|Any CPU.ActiveCfg = Release|Any CPU
		{D4463042-096A-4F57-9C00-A75C78B2F4BE}.Release|Any CPU.Build.0 = Release|Any CPU
		{C25B8EC9-8EB0-4F6A-A86C-FB32E0D68B3E}.Debug|Any CPU.ActiveCfg = Debug|Any CPU
		{C25B8EC9-8EB0-4F6A-A86C-FB32E0D68B3E}.Debug|Any CPU.Build.0 = Debug|Any CPU
		{C25B8EC9-8EB0-4F6A-A86C-FB32E0D68B3E}.Release|Any CPU.ActiveCfg = Release|Any CPU
		{C25B8EC9-8EB0-4F6A-A86C-FB32E0D68B3E}.Release|Any CPU.Build.0 = Release|Any CPU
		{FBD86C3E-10D2-4A31-9030-8F00C8794413}.Debug|Any CPU.ActiveCfg = Debug|Any CPU
		{FBD86C3E-10D2-4A31-9030-8F00C8794413}.Debug|Any CPU.Build.0 = Debug|Any CPU
		{FBD86C3E-10D2-4A31-9030-8F00C8794413}.Release|Any CPU.ActiveCfg = Release|Any CPU
		{FBD86C3E-10D2-4A31-9030-8F00C8794413}.Release|Any CPU.Build.0 = Release|Any CPU
		{94FF62AA-ED6C-4191-83D4-DB0142620B10}.Debug|Any CPU.ActiveCfg = Debug|Any CPU
		{94FF62AA-ED6C-4191-83D4-DB0142620B10}.Debug|Any CPU.Build.0 = Debug|Any CPU
		{94FF62AA-ED6C-4191-83D4-DB0142620B10}.Release|Any CPU.ActiveCfg = Release|Any CPU
		{94FF62AA-ED6C-4191-83D4-DB0142620B10}.Release|Any CPU.Build.0 = Release|Any CPU
		{3EEE8B0A-7020-47E0-9310-2470FDF9E079}.Debug|Any CPU.ActiveCfg = Debug|Any CPU
		{3EEE8B0A-7020-47E0-9310-2470FDF9E079}.Debug|Any CPU.Build.0 = Debug|Any CPU
		{3EEE8B0A-7020-47E0-9310-2470FDF9E079}.Release|Any CPU.ActiveCfg = Release|Any CPU
		{3EEE8B0A-7020-47E0-9310-2470FDF9E079}.Release|Any CPU.Build.0 = Release|Any CPU
		{9905D7F8-F324-4435-837E-E481A31823DE}.Debug|Any CPU.ActiveCfg = Debug|Any CPU
		{9905D7F8-F324-4435-837E-E481A31823DE}.Debug|Any CPU.Build.0 = Debug|Any CPU
		{9905D7F8-F324-4435-837E-E481A31823DE}.Release|Any CPU.ActiveCfg = Release|Any CPU
		{9905D7F8-F324-4435-837E-E481A31823DE}.Release|Any CPU.Build.0 = Release|Any CPU
		{2FE13079-3A6F-483A-8E90-028B2F8F6866}.Debug|Any CPU.ActiveCfg = Debug|Any CPU
		{2FE13079-3A6F-483A-8E90-028B2F8F6866}.Debug|Any CPU.Build.0 = Debug|Any CPU
		{2FE13079-3A6F-483A-8E90-028B2F8F6866}.Release|Any CPU.ActiveCfg = Release|Any CPU
		{2FE13079-3A6F-483A-8E90-028B2F8F6866}.Release|Any CPU.Build.0 = Release|Any CPU
		{0BD6A8B6-EA46-41A5-9C11-DB840B984AC2}.Debug|Any CPU.ActiveCfg = Debug|Any CPU
		{0BD6A8B6-EA46-41A5-9C11-DB840B984AC2}.Debug|Any CPU.Build.0 = Debug|Any CPU
		{0BD6A8B6-EA46-41A5-9C11-DB840B984AC2}.Release|Any CPU.ActiveCfg = Release|Any CPU
		{0BD6A8B6-EA46-41A5-9C11-DB840B984AC2}.Release|Any CPU.Build.0 = Release|Any CPU
		{D64E6AC3-62E9-4B86-8055-C621878CBB17}.Debug|Any CPU.ActiveCfg = Debug|Any CPU
		{D64E6AC3-62E9-4B86-8055-C621878CBB17}.Debug|Any CPU.Build.0 = Debug|Any CPU
		{D64E6AC3-62E9-4B86-8055-C621878CBB17}.Release|Any CPU.ActiveCfg = Release|Any CPU
		{D64E6AC3-62E9-4B86-8055-C621878CBB17}.Release|Any CPU.Build.0 = Release|Any CPU
		{F967E342-D5FE-498E-94AA-6307D80141AD}.Debug|Any CPU.ActiveCfg = Debug|Any CPU
		{F967E342-D5FE-498E-94AA-6307D80141AD}.Debug|Any CPU.Build.0 = Debug|Any CPU
		{F967E342-D5FE-498E-94AA-6307D80141AD}.Release|Any CPU.ActiveCfg = Release|Any CPU
		{F967E342-D5FE-498E-94AA-6307D80141AD}.Release|Any CPU.Build.0 = Release|Any CPU
	EndGlobalSection
	GlobalSection(SolutionProperties) = preSolution
		HideSolutionNode = FALSE
	EndGlobalSection
	GlobalSection(NestedProjects) = preSolution
		{4AFD5AF6-1649-4DA1-ACCB-02498EE64549} = {E8CD9E59-2914-4FF6-870C-D5C720F40FEB}
		{0144B288-421B-4AF7-93CC-BD7490085E0C} = {283CEA6E-BFC4-4249-A375-7E2A55127F4A}
		{8AB5293F-E220-49F5-B2D4-522D3E07D645} = {283CEA6E-BFC4-4249-A375-7E2A55127F4A}
		{01B8CF7D-D7C4-4B80-977B-9FDA4C9F3C0E} = {283CEA6E-BFC4-4249-A375-7E2A55127F4A}
		{0B77F40F-6022-4C6F-919D-43A6E45EAA8F} = {283CEA6E-BFC4-4249-A375-7E2A55127F4A}
		{D4463042-096A-4F57-9C00-A75C78B2F4BE} = {01B8CF7D-D7C4-4B80-977B-9FDA4C9F3C0E}
		{C25B8EC9-8EB0-4F6A-A86C-FB32E0D68B3E} = {01B8CF7D-D7C4-4B80-977B-9FDA4C9F3C0E}
		{FBD86C3E-10D2-4A31-9030-8F00C8794413} = {0B77F40F-6022-4C6F-919D-43A6E45EAA8F}
		{94FF62AA-ED6C-4191-83D4-DB0142620B10} = {0B77F40F-6022-4C6F-919D-43A6E45EAA8F}
		{3EEE8B0A-7020-47E0-9310-2470FDF9E079} = {0144B288-421B-4AF7-93CC-BD7490085E0C}
		{AA48F869-B313-46A4-9427-2776C4CE3363} = {8AB5293F-E220-49F5-B2D4-522D3E07D645}
		{9905D7F8-F324-4435-837E-E481A31823DE} = {AA48F869-B313-46A4-9427-2776C4CE3363}
		{2FE13079-3A6F-483A-8E90-028B2F8F6866} = {8AB5293F-E220-49F5-B2D4-522D3E07D645}
		{0BD6A8B6-EA46-41A5-9C11-DB840B984AC2} = {01B8CF7D-D7C4-4B80-977B-9FDA4C9F3C0E}
		{D64E6AC3-62E9-4B86-8055-C621878CBB17} = {E8CD9E59-2914-4FF6-870C-D5C720F40FEB}
		{A42D0558-BDD5-431D-A6B8-F6A34D2AF101} = {283CEA6E-BFC4-4249-A375-7E2A55127F4A}
		{F967E342-D5FE-498E-94AA-6307D80141AD} = {A42D0558-BDD5-431D-A6B8-F6A34D2AF101}
	EndGlobalSection
	GlobalSection(ExtensibilityGlobals) = postSolution
		SolutionGuid = {CF77BB34-F2E6-4095-83E0-FF4B7DC16EC5}
	EndGlobalSection
EndGlobal
