
Microsoft Visual Studio Solution File, Format Version 12.00
# Visual Studio Version 16
VisualStudioVersion = 16.0.31321.278
MinimumVisualStudioVersion = 10.0.40219.1
Project("{2150E333-8FDC-42A3-9474-1A3956D46DE8}") = "Block Chain App", "Block Chain App", "{283CEA6E-BFC4-4249-A375-7E2A55127F4A}"
EndProject
Project("{2150E333-8FDC-42A3-9474-1A3956D46DE8}") = "Common", "Common", "{E8CD9E59-2914-4FF6-870C-D5C720F40FEB}"
EndProject
Project("{2150E333-8FDC-42A3-9474-1A3956D46DE8}") = "Web App", "Web App", "{1C6E038E-772C-4C26-AC86-9B562F6F99EA}"
EndProject
Project("{9A19103F-16F7-4668-BE54-9A1E7A4F7556}") = "PaymentSystem.Common", "Common\PaymentSystem.Common\PaymentSystem.Common.csproj", "{4AFD5AF6-1649-4DA1-ACCB-02498EE64549}"
EndProject
Project("{2150E333-8FDC-42A3-9474-1A3956D46DE8}") = "Web", "Web", "{0144B288-421B-4AF7-93CC-BD7490085E0C}"
EndProject
Project("{2150E333-8FDC-42A3-9474-1A3956D46DE8}") = "Tests", "Tests", "{8AB5293F-E220-49F5-B2D4-522D3E07D645}"
EndProject
Project("{2150E333-8FDC-42A3-9474-1A3956D46DE8}") = "Services", "Services", "{01B8CF7D-D7C4-4B80-977B-9FDA4C9F3C0E}"
EndProject
Project("{2150E333-8FDC-42A3-9474-1A3956D46DE8}") = "Data", "Data", "{0B77F40F-6022-4C6F-919D-43A6E45EAA8F}"
EndProject
Project("{9A19103F-16F7-4668-BE54-9A1E7A4F7556}") = "PaymentSystem.BlockChain.Services.Data", "Block Chain App\src\Services\PaymentSystem.BlockChain.Services.Data\PaymentSystem.BlockChain.Services.Data.csproj", "{D4463042-096A-4F57-9C00-A75C78B2F4BE}"
EndProject
Project("{9A19103F-16F7-4668-BE54-9A1E7A4F7556}") = "PaymentSystem.BlockChain.Data", "Block Chain App\src\Data\PaymentSystem.BlockChain.Data\PaymentSystem.BlockChain.Data.csproj", "{FBD86C3E-10D2-4A31-9030-8F00C8794413}"
EndProject
Project("{9A19103F-16F7-4668-BE54-9A1E7A4F7556}") = "PaymentSystem.BlockChain.Data.Models", "Block Chain App\src\Data\PaymentSystem.BlockChain.Data.Models\PaymentSystem.BlockChain.Data.Models.csproj", "{94FF62AA-ED6C-4191-83D4-DB0142620B10}"
EndProject
Project("{9A19103F-16F7-4668-BE54-9A1E7A4F7556}") = "PaymentSystem.BlockChain.Web", "Block Chain App\src\Web\PaymentSystem.BlockChain.Web\PaymentSystem.BlockChain.Web.csproj", "{3EEE8B0A-7020-47E0-9310-2470FDF9E079}"
EndProject
Project("{2150E333-8FDC-42A3-9474-1A3956D46DE8}") = "Services", "Services", "{AA48F869-B313-46A4-9427-2776C4CE3363}"
EndProject
Project("{9A19103F-16F7-4668-BE54-9A1E7A4F7556}") = "PaymentSystem.BlockChain.Services.Data.Tests", "Block Chain App\src\Tests\Services\PaymentSystem.BlockChain.Services.Data.Tests\PaymentSystem.BlockChain.Services.Data.Tests.csproj", "{9905D7F8-F324-4435-837E-E481A31823DE}"
EndProject
Project("{9A19103F-16F7-4668-BE54-9A1E7A4F7556}") = "PaymentSystem.BlockChain.Services", "Block Chain App\src\Services\PaymentSystem.BlockChain.Services\PaymentSystem.BlockChain.Services.csproj", "{0BD6A8B6-EA46-41A5-9C11-DB840B984AC2}"
EndProject
Project("{9A19103F-16F7-4668-BE54-9A1E7A4F7556}") = "PaymentSystem.Common.Tests", "Common\PaymentSystem.Common.Tests\PaymentSystem.Common.Tests.csproj", "{D64E6AC3-62E9-4B86-8055-C621878CBB17}"
EndProject
Project("{2150E333-8FDC-42A3-9474-1A3956D46DE8}") = "Infrastructure", "Infrastructure", "{A42D0558-BDD5-431D-A6B8-F6A34D2AF101}"
EndProject
Project("{9A19103F-16F7-4668-BE54-9A1E7A4F7556}") = "PaymentSystem.BlockChain.Infrastructure", "Block Chain App\src\Infrastructure\PaymentSystem.BlockChain.Infrastructure\PaymentSystem.BlockChain.Infrastructure.csproj", "{F967E342-D5FE-498E-94AA-6307D80141AD}"
EndProject
Project("{2150E333-8FDC-42A3-9474-1A3956D46DE8}") = "Data", "Data", "{CD08B486-9660-4DF2-AE6D-DECF8CD55670}"
EndProject
Project("{2150E333-8FDC-42A3-9474-1A3956D46DE8}") = "Services", "Services", "{7A2A15FF-E0E6-4B79-A14F-78549BD3AD6B}"
EndProject
Project("{2150E333-8FDC-42A3-9474-1A3956D46DE8}") = "Tests", "Tests", "{5991CB02-5740-4061-B095-B67AE37C1D65}"
EndProject
Project("{2150E333-8FDC-42A3-9474-1A3956D46DE8}") = "Web", "Web", "{0B3FBC68-2B9B-418C-8925-BD245836EC01}"
EndProject
Project("{9A19103F-16F7-4668-BE54-9A1E7A4F7556}") = "PaymentSystem.WalletApp.Data", "Wallet App\src\Data\PaymentSystem.WalletApp.Data\PaymentSystem.WalletApp.Data.csproj", "{75D40603-4283-4DD5-B0B5-57A91876FD34}"
EndProject
Project("{9A19103F-16F7-4668-BE54-9A1E7A4F7556}") = "PaymentSystem.WalletApp.Data.Common", "Wallet App\src\Data\PaymentSystem.WalletApp.Data.Common\PaymentSystem.WalletApp.Data.Common.csproj", "{A52F7242-AA99-4A97-A1B6-505558EDF736}"
EndProject
Project("{9A19103F-16F7-4668-BE54-9A1E7A4F7556}") = "PaymentSystem.WalletApp.Data.Models", "Wallet App\src\Data\PaymentSystem.WalletApp.Data.Models\PaymentSystem.WalletApp.Data.Models.csproj", "{8B5046BD-14FA-44F0-8C33-4BF887E6007E}"
EndProject
Project("{9A19103F-16F7-4668-BE54-9A1E7A4F7556}") = "PaymentSystem.WalletApp.Common", "Wallet App\src\PaymentSystem.WalletApp.Common\PaymentSystem.WalletApp.Common.csproj", "{D32C66B3-A089-48C9-80E8-4394F276BD73}"
EndProject
Project("{9A19103F-16F7-4668-BE54-9A1E7A4F7556}") = "PaymentSystem.WalletApp.Services", "Wallet App\src\Services\PaymentSystem.WalletApp.Services\PaymentSystem.WalletApp.Services.csproj", "{35C50853-FE25-4821-9BBA-EE2C379F3CDA}"
EndProject
Project("{9A19103F-16F7-4668-BE54-9A1E7A4F7556}") = "PaymentSystem.WalletApp.Services.Data", "Wallet App\src\Services\PaymentSystem.WalletApp.Services.Data\PaymentSystem.WalletApp.Services.Data.csproj", "{11E086B6-63ED-4DF5-A13F-76FA06B1D381}"
EndProject
Project("{9A19103F-16F7-4668-BE54-9A1E7A4F7556}") = "PaymentSystem.WalletApp.Services.Messaging", "Wallet App\src\Services\PaymentSystem.WalletApp.Services.Messaging\PaymentSystem.WalletApp.Services.Messaging.csproj", "{C42ED0E2-C317-4C05-9795-53743F5D9D92}"
EndProject
Project("{9A19103F-16F7-4668-BE54-9A1E7A4F7556}") = "PaymentSystem.WalletApp.Services.Data.Tests", "Wallet App\src\Tests\PaymentSystem.WalletApp.Services.Data.Tests\PaymentSystem.WalletApp.Services.Data.Tests.csproj", "{A9C7DF7C-E449-4D59-A420-8A4CC7E08AB0}"
EndProject
Project("{9A19103F-16F7-4668-BE54-9A1E7A4F7556}") = "PaymentSystem.WalletApp.Web.Tests", "Wallet App\src\Tests\PaymentSystem.WalletApp.Web.Tests\PaymentSystem.WalletApp.Web.Tests.csproj", "{C2FAAD2F-3999-4460-B7D7-1F2C5E1E6163}"
EndProject
Project("{9A19103F-16F7-4668-BE54-9A1E7A4F7556}") = "Sandbox", "Wallet App\src\Tests\Sandbox\Sandbox.csproj", "{CE9682D8-D1B4-46F3-9AFE-C1C262B155D8}"
EndProject
Project("{9A19103F-16F7-4668-BE54-9A1E7A4F7556}") = "PaymentSystem.WalletApp.Web", "Wallet App\src\Web\PaymentSystem.WalletApp.Web\PaymentSystem.WalletApp.Web.csproj", "{A4E76160-6479-4F8E-97BB-38E54D167D32}"
EndProject
Project("{9A19103F-16F7-4668-BE54-9A1E7A4F7556}") = "PaymentSystem.WalletApp.Web.Infrastructure", "Wallet App\src\Web\PaymentSystem.WalletApp.Web.Infrastructure\PaymentSystem.WalletApp.Web.Infrastructure.csproj", "{85EBA399-9052-4B7D-B7CE-6E2F6488C84A}"
EndProject
Project("{9A19103F-16F7-4668-BE54-9A1E7A4F7556}") = "PaymentSystem.WalletApp.Web.ViewModels", "Wallet App\src\Web\PaymentSystem.WalletApp.Web.ViewModels\PaymentSystem.WalletApp.Web.ViewModels.csproj", "{9B0FA8CD-23E7-4B4C-BAC9-717121459735}"
EndProject
Project("{FAE04EC0-301F-11D3-BF4B-00C04F79EFBC}") = "PaymentSystem.WalletApp.Web.Infrastructure.Tests", "Wallet App\src\Tests\PaymentSystem.WalletApp.Web.Infrastructure.Tests\PaymentSystem.WalletApp.Web.Infrastructure.Tests.csproj", "{5D661DB2-409F-4BA7-9635-0287D8BC1AA5}"
EndProject
Global
	GlobalSection(SolutionConfigurationPlatforms) = preSolution
		Debug|Any CPU = Debug|Any CPU
		Release|Any CPU = Release|Any CPU
	EndGlobalSection
	GlobalSection(ProjectConfigurationPlatforms) = postSolution
		{4AFD5AF6-1649-4DA1-ACCB-02498EE64549}.Debug|Any CPU.ActiveCfg = Debug|Any CPU
		{4AFD5AF6-1649-4DA1-ACCB-02498EE64549}.Debug|Any CPU.Build.0 = Debug|Any CPU
		{4AFD5AF6-1649-4DA1-ACCB-02498EE64549}.Release|Any CPU.ActiveCfg = Release|Any CPU
		{4AFD5AF6-1649-4DA1-ACCB-02498EE64549}.Release|Any CPU.Build.0 = Release|Any CPU
		{D4463042-096A-4F57-9C00-A75C78B2F4BE}.Debug|Any CPU.ActiveCfg = Debug|Any CPU
		{D4463042-096A-4F57-9C00-A75C78B2F4BE}.Debug|Any CPU.Build.0 = Debug|Any CPU
		{D4463042-096A-4F57-9C00-A75C78B2F4BE}.Release|Any CPU.ActiveCfg = Release|Any CPU
		{D4463042-096A-4F57-9C00-A75C78B2F4BE}.Release|Any CPU.Build.0 = Release|Any CPU
		{FBD86C3E-10D2-4A31-9030-8F00C8794413}.Debug|Any CPU.ActiveCfg = Debug|Any CPU
		{FBD86C3E-10D2-4A31-9030-8F00C8794413}.Debug|Any CPU.Build.0 = Debug|Any CPU
		{FBD86C3E-10D2-4A31-9030-8F00C8794413}.Release|Any CPU.ActiveCfg = Release|Any CPU
		{FBD86C3E-10D2-4A31-9030-8F00C8794413}.Release|Any CPU.Build.0 = Release|Any CPU
		{94FF62AA-ED6C-4191-83D4-DB0142620B10}.Debug|Any CPU.ActiveCfg = Debug|Any CPU
		{94FF62AA-ED6C-4191-83D4-DB0142620B10}.Debug|Any CPU.Build.0 = Debug|Any CPU
		{94FF62AA-ED6C-4191-83D4-DB0142620B10}.Release|Any CPU.ActiveCfg = Release|Any CPU
		{94FF62AA-ED6C-4191-83D4-DB0142620B10}.Release|Any CPU.Build.0 = Release|Any CPU
		{3EEE8B0A-7020-47E0-9310-2470FDF9E079}.Debug|Any CPU.ActiveCfg = Debug|Any CPU
		{3EEE8B0A-7020-47E0-9310-2470FDF9E079}.Debug|Any CPU.Build.0 = Debug|Any CPU
		{3EEE8B0A-7020-47E0-9310-2470FDF9E079}.Release|Any CPU.ActiveCfg = Release|Any CPU
		{3EEE8B0A-7020-47E0-9310-2470FDF9E079}.Release|Any CPU.Build.0 = Release|Any CPU
		{9905D7F8-F324-4435-837E-E481A31823DE}.Debug|Any CPU.ActiveCfg = Debug|Any CPU
		{9905D7F8-F324-4435-837E-E481A31823DE}.Debug|Any CPU.Build.0 = Debug|Any CPU
		{9905D7F8-F324-4435-837E-E481A31823DE}.Release|Any CPU.ActiveCfg = Release|Any CPU
		{9905D7F8-F324-4435-837E-E481A31823DE}.Release|Any CPU.Build.0 = Release|Any CPU
		{0BD6A8B6-EA46-41A5-9C11-DB840B984AC2}.Debug|Any CPU.ActiveCfg = Debug|Any CPU
		{0BD6A8B6-EA46-41A5-9C11-DB840B984AC2}.Debug|Any CPU.Build.0 = Debug|Any CPU
		{0BD6A8B6-EA46-41A5-9C11-DB840B984AC2}.Release|Any CPU.ActiveCfg = Release|Any CPU
		{0BD6A8B6-EA46-41A5-9C11-DB840B984AC2}.Release|Any CPU.Build.0 = Release|Any CPU
		{D64E6AC3-62E9-4B86-8055-C621878CBB17}.Debug|Any CPU.ActiveCfg = Debug|Any CPU
		{D64E6AC3-62E9-4B86-8055-C621878CBB17}.Debug|Any CPU.Build.0 = Debug|Any CPU
		{D64E6AC3-62E9-4B86-8055-C621878CBB17}.Release|Any CPU.ActiveCfg = Release|Any CPU
		{D64E6AC3-62E9-4B86-8055-C621878CBB17}.Release|Any CPU.Build.0 = Release|Any CPU
		{F967E342-D5FE-498E-94AA-6307D80141AD}.Debug|Any CPU.ActiveCfg = Debug|Any CPU
		{F967E342-D5FE-498E-94AA-6307D80141AD}.Debug|Any CPU.Build.0 = Debug|Any CPU
		{F967E342-D5FE-498E-94AA-6307D80141AD}.Release|Any CPU.ActiveCfg = Release|Any CPU
		{F967E342-D5FE-498E-94AA-6307D80141AD}.Release|Any CPU.Build.0 = Release|Any CPU
		{75D40603-4283-4DD5-B0B5-57A91876FD34}.Debug|Any CPU.ActiveCfg = Debug|Any CPU
		{75D40603-4283-4DD5-B0B5-57A91876FD34}.Debug|Any CPU.Build.0 = Debug|Any CPU
		{75D40603-4283-4DD5-B0B5-57A91876FD34}.Release|Any CPU.ActiveCfg = Release|Any CPU
		{75D40603-4283-4DD5-B0B5-57A91876FD34}.Release|Any CPU.Build.0 = Release|Any CPU
		{A52F7242-AA99-4A97-A1B6-505558EDF736}.Debug|Any CPU.ActiveCfg = Debug|Any CPU
		{A52F7242-AA99-4A97-A1B6-505558EDF736}.Debug|Any CPU.Build.0 = Debug|Any CPU
		{A52F7242-AA99-4A97-A1B6-505558EDF736}.Release|Any CPU.ActiveCfg = Release|Any CPU
		{A52F7242-AA99-4A97-A1B6-505558EDF736}.Release|Any CPU.Build.0 = Release|Any CPU
		{8B5046BD-14FA-44F0-8C33-4BF887E6007E}.Debug|Any CPU.ActiveCfg = Debug|Any CPU
		{8B5046BD-14FA-44F0-8C33-4BF887E6007E}.Debug|Any CPU.Build.0 = Debug|Any CPU
		{8B5046BD-14FA-44F0-8C33-4BF887E6007E}.Release|Any CPU.ActiveCfg = Release|Any CPU
		{8B5046BD-14FA-44F0-8C33-4BF887E6007E}.Release|Any CPU.Build.0 = Release|Any CPU
		{D32C66B3-A089-48C9-80E8-4394F276BD73}.Debug|Any CPU.ActiveCfg = Debug|Any CPU
		{D32C66B3-A089-48C9-80E8-4394F276BD73}.Debug|Any CPU.Build.0 = Debug|Any CPU
		{D32C66B3-A089-48C9-80E8-4394F276BD73}.Release|Any CPU.ActiveCfg = Release|Any CPU
		{D32C66B3-A089-48C9-80E8-4394F276BD73}.Release|Any CPU.Build.0 = Release|Any CPU
		{35C50853-FE25-4821-9BBA-EE2C379F3CDA}.Debug|Any CPU.ActiveCfg = Debug|Any CPU
		{35C50853-FE25-4821-9BBA-EE2C379F3CDA}.Debug|Any CPU.Build.0 = Debug|Any CPU
		{35C50853-FE25-4821-9BBA-EE2C379F3CDA}.Release|Any CPU.ActiveCfg = Release|Any CPU
		{35C50853-FE25-4821-9BBA-EE2C379F3CDA}.Release|Any CPU.Build.0 = Release|Any CPU
		{11E086B6-63ED-4DF5-A13F-76FA06B1D381}.Debug|Any CPU.ActiveCfg = Debug|Any CPU
		{11E086B6-63ED-4DF5-A13F-76FA06B1D381}.Debug|Any CPU.Build.0 = Debug|Any CPU
		{11E086B6-63ED-4DF5-A13F-76FA06B1D381}.Release|Any CPU.ActiveCfg = Release|Any CPU
		{11E086B6-63ED-4DF5-A13F-76FA06B1D381}.Release|Any CPU.Build.0 = Release|Any CPU
		{C42ED0E2-C317-4C05-9795-53743F5D9D92}.Debug|Any CPU.ActiveCfg = Debug|Any CPU
		{C42ED0E2-C317-4C05-9795-53743F5D9D92}.Debug|Any CPU.Build.0 = Debug|Any CPU
		{C42ED0E2-C317-4C05-9795-53743F5D9D92}.Release|Any CPU.ActiveCfg = Release|Any CPU
		{C42ED0E2-C317-4C05-9795-53743F5D9D92}.Release|Any CPU.Build.0 = Release|Any CPU
		{A9C7DF7C-E449-4D59-A420-8A4CC7E08AB0}.Debug|Any CPU.ActiveCfg = Debug|Any CPU
		{A9C7DF7C-E449-4D59-A420-8A4CC7E08AB0}.Debug|Any CPU.Build.0 = Debug|Any CPU
		{A9C7DF7C-E449-4D59-A420-8A4CC7E08AB0}.Release|Any CPU.ActiveCfg = Release|Any CPU
		{A9C7DF7C-E449-4D59-A420-8A4CC7E08AB0}.Release|Any CPU.Build.0 = Release|Any CPU
		{C2FAAD2F-3999-4460-B7D7-1F2C5E1E6163}.Debug|Any CPU.ActiveCfg = Debug|Any CPU
		{C2FAAD2F-3999-4460-B7D7-1F2C5E1E6163}.Debug|Any CPU.Build.0 = Debug|Any CPU
		{C2FAAD2F-3999-4460-B7D7-1F2C5E1E6163}.Release|Any CPU.ActiveCfg = Release|Any CPU
		{C2FAAD2F-3999-4460-B7D7-1F2C5E1E6163}.Release|Any CPU.Build.0 = Release|Any CPU
		{CE9682D8-D1B4-46F3-9AFE-C1C262B155D8}.Debug|Any CPU.ActiveCfg = Debug|Any CPU
		{CE9682D8-D1B4-46F3-9AFE-C1C262B155D8}.Debug|Any CPU.Build.0 = Debug|Any CPU
		{CE9682D8-D1B4-46F3-9AFE-C1C262B155D8}.Release|Any CPU.ActiveCfg = Release|Any CPU
		{CE9682D8-D1B4-46F3-9AFE-C1C262B155D8}.Release|Any CPU.Build.0 = Release|Any CPU
		{A4E76160-6479-4F8E-97BB-38E54D167D32}.Debug|Any CPU.ActiveCfg = Debug|Any CPU
		{A4E76160-6479-4F8E-97BB-38E54D167D32}.Debug|Any CPU.Build.0 = Debug|Any CPU
		{A4E76160-6479-4F8E-97BB-38E54D167D32}.Release|Any CPU.ActiveCfg = Release|Any CPU
		{A4E76160-6479-4F8E-97BB-38E54D167D32}.Release|Any CPU.Build.0 = Release|Any CPU
		{85EBA399-9052-4B7D-B7CE-6E2F6488C84A}.Debug|Any CPU.ActiveCfg = Debug|Any CPU
		{85EBA399-9052-4B7D-B7CE-6E2F6488C84A}.Debug|Any CPU.Build.0 = Debug|Any CPU
		{85EBA399-9052-4B7D-B7CE-6E2F6488C84A}.Release|Any CPU.ActiveCfg = Release|Any CPU
		{85EBA399-9052-4B7D-B7CE-6E2F6488C84A}.Release|Any CPU.Build.0 = Release|Any CPU
		{9B0FA8CD-23E7-4B4C-BAC9-717121459735}.Debug|Any CPU.ActiveCfg = Debug|Any CPU
		{9B0FA8CD-23E7-4B4C-BAC9-717121459735}.Debug|Any CPU.Build.0 = Debug|Any CPU
		{9B0FA8CD-23E7-4B4C-BAC9-717121459735}.Release|Any CPU.ActiveCfg = Release|Any CPU
		{9B0FA8CD-23E7-4B4C-BAC9-717121459735}.Release|Any CPU.Build.0 = Release|Any CPU
		{5D661DB2-409F-4BA7-9635-0287D8BC1AA5}.Debug|Any CPU.ActiveCfg = Debug|Any CPU
		{5D661DB2-409F-4BA7-9635-0287D8BC1AA5}.Debug|Any CPU.Build.0 = Debug|Any CPU
		{5D661DB2-409F-4BA7-9635-0287D8BC1AA5}.Release|Any CPU.ActiveCfg = Release|Any CPU
		{5D661DB2-409F-4BA7-9635-0287D8BC1AA5}.Release|Any CPU.Build.0 = Release|Any CPU
	EndGlobalSection
	GlobalSection(SolutionProperties) = preSolution
		HideSolutionNode = FALSE
	EndGlobalSection
	GlobalSection(NestedProjects) = preSolution
		{4AFD5AF6-1649-4DA1-ACCB-02498EE64549} = {E8CD9E59-2914-4FF6-870C-D5C720F40FEB}
		{0144B288-421B-4AF7-93CC-BD7490085E0C} = {283CEA6E-BFC4-4249-A375-7E2A55127F4A}
		{8AB5293F-E220-49F5-B2D4-522D3E07D645} = {283CEA6E-BFC4-4249-A375-7E2A55127F4A}
		{01B8CF7D-D7C4-4B80-977B-9FDA4C9F3C0E} = {283CEA6E-BFC4-4249-A375-7E2A55127F4A}
		{0B77F40F-6022-4C6F-919D-43A6E45EAA8F} = {283CEA6E-BFC4-4249-A375-7E2A55127F4A}
		{D4463042-096A-4F57-9C00-A75C78B2F4BE} = {01B8CF7D-D7C4-4B80-977B-9FDA4C9F3C0E}
		{FBD86C3E-10D2-4A31-9030-8F00C8794413} = {0B77F40F-6022-4C6F-919D-43A6E45EAA8F}
		{94FF62AA-ED6C-4191-83D4-DB0142620B10} = {0B77F40F-6022-4C6F-919D-43A6E45EAA8F}
		{3EEE8B0A-7020-47E0-9310-2470FDF9E079} = {0144B288-421B-4AF7-93CC-BD7490085E0C}
		{AA48F869-B313-46A4-9427-2776C4CE3363} = {8AB5293F-E220-49F5-B2D4-522D3E07D645}
		{9905D7F8-F324-4435-837E-E481A31823DE} = {AA48F869-B313-46A4-9427-2776C4CE3363}
		{0BD6A8B6-EA46-41A5-9C11-DB840B984AC2} = {01B8CF7D-D7C4-4B80-977B-9FDA4C9F3C0E}
		{D64E6AC3-62E9-4B86-8055-C621878CBB17} = {E8CD9E59-2914-4FF6-870C-D5C720F40FEB}
		{A42D0558-BDD5-431D-A6B8-F6A34D2AF101} = {283CEA6E-BFC4-4249-A375-7E2A55127F4A}
		{F967E342-D5FE-498E-94AA-6307D80141AD} = {A42D0558-BDD5-431D-A6B8-F6A34D2AF101}
		{CD08B486-9660-4DF2-AE6D-DECF8CD55670} = {1C6E038E-772C-4C26-AC86-9B562F6F99EA}
		{7A2A15FF-E0E6-4B79-A14F-78549BD3AD6B} = {1C6E038E-772C-4C26-AC86-9B562F6F99EA}
		{5991CB02-5740-4061-B095-B67AE37C1D65} = {1C6E038E-772C-4C26-AC86-9B562F6F99EA}
		{0B3FBC68-2B9B-418C-8925-BD245836EC01} = {1C6E038E-772C-4C26-AC86-9B562F6F99EA}
		{75D40603-4283-4DD5-B0B5-57A91876FD34} = {CD08B486-9660-4DF2-AE6D-DECF8CD55670}
		{A52F7242-AA99-4A97-A1B6-505558EDF736} = {CD08B486-9660-4DF2-AE6D-DECF8CD55670}
		{8B5046BD-14FA-44F0-8C33-4BF887E6007E} = {CD08B486-9660-4DF2-AE6D-DECF8CD55670}
		{D32C66B3-A089-48C9-80E8-4394F276BD73} = {1C6E038E-772C-4C26-AC86-9B562F6F99EA}
		{35C50853-FE25-4821-9BBA-EE2C379F3CDA} = {7A2A15FF-E0E6-4B79-A14F-78549BD3AD6B}
		{11E086B6-63ED-4DF5-A13F-76FA06B1D381} = {7A2A15FF-E0E6-4B79-A14F-78549BD3AD6B}
		{C42ED0E2-C317-4C05-9795-53743F5D9D92} = {7A2A15FF-E0E6-4B79-A14F-78549BD3AD6B}
		{A9C7DF7C-E449-4D59-A420-8A4CC7E08AB0} = {5991CB02-5740-4061-B095-B67AE37C1D65}
		{C2FAAD2F-3999-4460-B7D7-1F2C5E1E6163} = {5991CB02-5740-4061-B095-B67AE37C1D65}
		{CE9682D8-D1B4-46F3-9AFE-C1C262B155D8} = {5991CB02-5740-4061-B095-B67AE37C1D65}
		{A4E76160-6479-4F8E-97BB-38E54D167D32} = {0B3FBC68-2B9B-418C-8925-BD245836EC01}
		{85EBA399-9052-4B7D-B7CE-6E2F6488C84A} = {0B3FBC68-2B9B-418C-8925-BD245836EC01}
		{9B0FA8CD-23E7-4B4C-BAC9-717121459735} = {0B3FBC68-2B9B-418C-8925-BD245836EC01}
		{5D661DB2-409F-4BA7-9635-0287D8BC1AA5} = {5991CB02-5740-4061-B095-B67AE37C1D65}
	EndGlobalSection
	GlobalSection(ExtensibilityGlobals) = postSolution
		SolutionGuid = {CF77BB34-F2E6-4095-83E0-FF4B7DC16EC5}
	EndGlobalSection
EndGlobal
